{
  "name": "youtube-code-extractor",
  "version": "1.0.0",
  "lockfileVersion": 3,
  "requires": true,
  "packages": {
    "": {
      "name": "youtube-code-extractor",
      "version": "1.0.0",
      "dependencies": {
        "dotenv": "^16.0.3",
        "youtube-caption-extractor": "^1.0.8"
      }
    },
    "node_modules/dotenv": {
      "version": "16.6.1",
      "resolved": "https://registry.npmjs.org/dotenv/-/dotenv-16.6.1.tgz",
      "integrity": "sha512-uBq4egWHTcTt33a72vpSG0z3HnPuIl6NqYcTrKEg2azoEyl2hpW0zqlxysq2pK9HlDIHyHyakeYaYnSAwd8bow==",
      "license": "BSD-2-Clause",
      "engines": {
        "node": ">=12"
      },
      "funding": {
        "url": "https://dotenvx.com"
      }
    },
    "node_modules/he": {
      "version": "1.2.0",
      "resolved": "https://registry.npmjs.org/he/-/he-1.2.0.tgz",
      "integrity": "sha512-F/1DnUGPopORZi0ni+CvrCgHQ5FyEAHRLSApuYWMmrbSwoN2Mn/7k+Gl38gJnR7yyDZk6WLXwiGod1JOWNDKGw==",
      "license": "MIT",
      "bin": {
        "he": "bin/he"
      }
    },
    "node_modules/striptags": {
      "version": "3.2.0",
      "resolved": "https://registry.npmjs.org/striptags/-/striptags-3.2.0.tgz",
      "integrity": "sha512-g45ZOGzHDMe2bdYMdIvdAfCQkCTDMGBazSw1ypMowwGIee7ZQ5dU0rBJ8Jqgl+jAKIv4dbeE1jscZq9wid1Tkw==",
      "license": "MIT"
    },
    "node_modules/youtube-caption-extractor": {
      "version": "1.10.2",
      "resolved": "https://registry.npmjs.org/youtube-caption-extractor/-/youtube-caption-extractor-1.10.2.tgz",
      "integrity": "sha512-G/WSJStuTrWiqXZ5PpmMtS6LInCQueN/47lz5dNUnIPm7cRIX0RGI+fhkuNEipavQprQH6m2URBn5Xc0jhh1wA==",
      "license": "MIT",
      "dependencies": {
        "he": "^1.2.0",
        "striptags": "^3.2.0"
      },
      "engines": {
        "node": ">=18.0.0"
      }
    }
  }
}
